{
  "name": "agents-config",
  "version": "1.6.0",
  "lockfileVersion": 3,
  "requires": true,
  "packages": {
    "": {
      "name": "agents-config",
      "version": "1.6.0",
      "hasInstallScript": true,
      "license": "MIT",
      "workspaces": [
        "packages/*"
      ],
      "dependencies": {
        "@agents-config/core": "1.6.0",
        "@agents-config/react": "1.6.0"
      },
      "bin": {
        "agents-analyze": "bin/agents-analyze.js",
        "agents-init": "bin/agents-init.js"
      },
      "engines": {
        "node": ">=18.0.0"
      }
    },
    "node_modules/@agents-config/angular": {
      "resolved": "packages/angular",
      "link": true
    },
    "node_modules/@agents-config/core": {
      "resolved": "packages/core",
      "link": true
    },
    "node_modules/@agents-config/react": {
      "resolved": "packages/react",
      "link": true
    },
    "node_modules/@agents-config/vue": {
      "resolved": "packages/vue",
      "link": true
    },
    "packages/angular": {
      "name": "@agents-config/angular",
      "version": "1.6.0",
      "license": "MIT",
      "dependencies": {
        "@agents-config/core": "1.6.0"
      },
      "bin": {
        "agents-analyze": "bin/agents-analyze.js",
        "agents-init": "bin/agents-init.js"
      },
      "engines": {
        "node": ">=18.0.0"
      }
    },
    "packages/core": {
      "name": "@agents-config/core",
      "version": "1.6.0",
      "license": "MIT",
      "engines": {
        "node": ">=18.0.0"
      }
    },
    "packages/react": {
      "name": "@agents-config/react",
      "version": "1.6.0",
      "license": "MIT",
      "dependencies": {
        "@agents-config/core": "1.6.0"
      },
      "bin": {
        "agents-analyze": "bin/agents-analyze.js",
        "agents-init": "bin/agents-init.js"
      },
      "engines": {
        "node": ">=18.0.0"
      }
    },
    "packages/vue": {
      "name": "@agents-config/vue",
      "version": "1.6.0",
      "license": "MIT",
      "dependencies": {
        "@agents-config/core": "1.6.0"
      },
      "bin": {
        "agents-analyze": "bin/agents-analyze.js",
        "agents-init": "bin/agents-init.js"
      },
      "engines": {
        "node": ">=18.0.0"
      }
    }
  }
}
